
Microsoft Visual Studio Solution File, Format Version 12.00
# Visual Studio Version 17
VisualStudioVersion = 17.4.33205.214
MinimumVisualStudioVersion = 10.0.40219.1
Project("{888888A0-9F3D-457C-B088-3A5042F75D52}") = "testing", "testing.pyproj", "{A5A21CB3-9339-4858-B654-215BD38A7BB8}"
EndProject
Global
	GlobalSection(SolutionConfigurationPlatforms) = preSolution
		Debug|Any CPU = Debug|Any CPU
		Release|Any CPU = Release|Any CPU
	EndGlobalSection
	GlobalSection(ProjectConfigurationPlatforms) = postSolution
		{A5A21CB3-9339-4858-B654-215BD38A7BB8}.Debug|Any CPU.ActiveCfg = Debug|Any CPU
		{A5A21CB3-9339-4858-B654-215BD38A7BB8}.Debug|Any CPU.Build.0 = Debug|Any CPU
		{A5A21CB3-9339-4858-B654-215BD38A7BB8}.Release|Any CPU.ActiveCfg = Release|Any CPU
		{A5A21CB3-9339-4858-B654-215BD38A7BB8}.Release|Any CPU.Build.0 = Release|Any CPU
	EndGlobalSection
	GlobalSection(SolutionProperties) = preSolution
		HideSolutionNode = FALSE
	EndGlobalSection
	GlobalSection(ExtensibilityGlobals) = postSolution
		SolutionGuid = {EC75A295-8104-41AB-B58E-8B925DEED559}
	EndGlobalSection
EndGlobal
